
Microsoft Visual Studio Solution File, Format Version 12.00
# Visual Studio Version 17
VisualStudioVersion = 17.0.31903.59
MinimumVisualStudioVersion = 10.0.40219.1
Project("{FAE04EC0-301F-11D3-BF4B-00C04F79EFBC}") = "TabularForge.Core", "TabularForge.Core\TabularForge.Core.csproj", "{A5A5425A-B8A4-4EA9-B9E1-58D2449F6F45}"
EndProject
Project("{FAE04EC0-301F-11D3-BF4B-00C04F79EFBC}") = "TabularForge.UI", "TabularForge.UI\TabularForge.UI.csproj", "{95179707-8282-4FFB-BA32-5E4E8C57CA92}"
EndProject
Project("{FAE04EC0-301F-11D3-BF4B-00C04F79EFBC}") = "TabularForge.DAXParser", "TabularForge.DAXParser\TabularForge.DAXParser.csproj", "{B3C7D8E9-1234-5678-9ABC-DEF012345678}"
EndProject
Global
	GlobalSection(SolutionConfigurationPlatforms) = preSolution
		Debug|Any CPU = Debug|Any CPU
		Release|Any CPU = Release|Any CPU
	EndGlobalSection
	GlobalSection(SolutionProperties) = preSolution
		HideSolutionNode = FALSE
	EndGlobalSection
	GlobalSection(ProjectConfigurationPlatforms) = postSolution
		{A5A5425A-B8A4-4EA9-B9E1-58D2449F6F45}.Debug|Any CPU.ActiveCfg = Debug|Any CPU
		{A5A5425A-B8A4-4EA9-B9E1-58D2449F6F45}.Debug|Any CPU.Build.0 = Debug|Any CPU
		{A5A5425A-B8A4-4EA9-B9E1-58D2449F6F45}.Release|Any CPU.ActiveCfg = Release|Any CPU
		{A5A5425A-B8A4-4EA9-B9E1-58D2449F6F45}.Release|Any CPU.Build.0 = Release|Any CPU
		{95179707-8282-4FFB-BA32-5E4E8C57CA92}.Debug|Any CPU.ActiveCfg = Debug|Any CPU
		{95179707-8282-4FFB-BA32-5E4E8C57CA92}.Debug|Any CPU.Build.0 = Debug|Any CPU
		{95179707-8282-4FFB-BA32-5E4E8C57CA92}.Release|Any CPU.ActiveCfg = Release|Any CPU
		{95179707-8282-4FFB-BA32-5E4E8C57CA92}.Release|Any CPU.Build.0 = Release|Any CPU
		{B3C7D8E9-1234-5678-9ABC-DEF012345678}.Debug|Any CPU.ActiveCfg = Debug|Any CPU
		{B3C7D8E9-1234-5678-9ABC-DEF012345678}.Debug|Any CPU.Build.0 = Debug|Any CPU
		{B3C7D8E9-1234-5678-9ABC-DEF012345678}.Release|Any CPU.ActiveCfg = Release|Any CPU
		{B3C7D8E9-1234-5678-9ABC-DEF012345678}.Release|Any CPU.Build.0 = Release|Any CPU
	EndGlobalSection
EndGlobal
